schema: '2.0'
stages:
  data_ingestion:
    cmd: python src/data_ingestion.py
    deps:
    - path: src/data_ingestion.py
      hash: md5
      md5: 2f5485ce57052157072049ca3591f4b1
      size: 3186
    params:
      params.yaml:
        data_ingestion.test_size: 0.2
    outs:
    - path: data/raw
      hash: md5
      md5: fb326d2eec197669f9638afde28356bf.dir
      size: 827973
      nfiles: 2
  data_preprocessing:
    cmd: python src/data_preprocessing.py
    deps:
    - path: data/raw
      hash: md5
      md5: fb326d2eec197669f9638afde28356bf.dir
      size: 827973
      nfiles: 2
    - path: src/data_preprocessing.py
      hash: md5
      md5: dd3565e0650f5884b2a4c3a0b5b8057a
      size: 3990
    outs:
    - path: data/processed
      hash: md5
      md5: c52f2290e848623bebee2a4c7bcf41e3.dir
      size: 572633
      nfiles: 2
  feature_engineering:
    cmd: python src/feature_engineering.py
    deps:
    - path: data/processed
      hash: md5
      md5: c52f2290e848623bebee2a4c7bcf41e3.dir
      size: 572633
      nfiles: 2
    - path: src/feature_engineering.py
      hash: md5
      md5: bd6516f130f1745bc85b75287b4b8885
      size: 3768
    params:
      params.yaml:
        feature_engineering.max_features: 100
    outs:
    - path: data/features
      hash: md5
      md5: 924cda5463ce83f5afdb8a7e2b665654.dir
      size: 4537114
      nfiles: 2
  model_building:
    cmd: python src/model_building.py
    deps:
    - path: data/features
      hash: md5
      md5: 924cda5463ce83f5afdb8a7e2b665654.dir
      size: 4537114
      nfiles: 2
    - path: src/model_building.py
      hash: md5
      md5: 378bfc8e36937d4fb2be2c02668b4300
      size: 3053
    params:
      params.yaml:
        model_building.learning_rate: 0.5
        model_building.n_estimators: 50
    outs:
    - path: model.pkl
      hash: md5
      md5: 78f6ee40923fbc06d48667975b2a6c7c
      size: 65974
  model_evaluation:
    cmd: python src/model_evaluation.py
    deps:
    - path: model.pkl
      hash: md5
      md5: 78f6ee40923fbc06d48667975b2a6c7c
      size: 65974
    - path: src/model_evaluation.py
      hash: md5
      md5: 475ff71cebdfef2efd374fe6490cf24d
      size: 3351
    outs:
    - path: metrics.json
      hash: md5
      md5: 19dfed133f3477c2b751df2c950e6141
      size: 145
